
Microsoft Visual Studio Solution File, Format Version 11.00
# Visual Studio 2010
Project("{FAE04EC0-301F-11D3-BF4B-00C04F79EFBC}") = "Assembly-CSharp", "Assembly-CSharp.csproj", "{6733385D-E8CC-BFDE-7A81-9EF81E4677D3}"
EndProject
Project("{FAE04EC0-301F-11D3-BF4B-00C04F79EFBC}") = "VuforiaScripts", "VuforiaScripts.csproj", "{EE5C8C8C-A4E5-5699-D89E-06E1F328AEE6}"
EndProject
Project("{FAE04EC0-301F-11D3-BF4B-00C04F79EFBC}") = "Assembly-CSharp-Editor", "Assembly-CSharp-Editor.csproj", "{89A15BFD-BE66-D760-A0B9-F6AAE1AA8AD2}"
EndProject
Project("{FAE04EC0-301F-11D3-BF4B-00C04F79EFBC}") = "VuforiaEditorScripts", "VuforiaEditorScripts.csproj", "{E9DCC189-91DB-CFA9-01E0-BCBECAADE8A6}"
EndProject
Global
	GlobalSection(SolutionConfigurationPlatforms) = preSolution
		Debug|Any CPU = Debug|Any CPU
		Release|Any CPU = Release|Any CPU
	EndGlobalSection
	GlobalSection(ProjectConfigurationPlatforms) = postSolution
		{6733385D-E8CC-BFDE-7A81-9EF81E4677D3}.Debug|Any CPU.ActiveCfg = Debug|Any CPU
		{6733385D-E8CC-BFDE-7A81-9EF81E4677D3}.Debug|Any CPU.Build.0 = Debug|Any CPU
		{6733385D-E8CC-BFDE-7A81-9EF81E4677D3}.Release|Any CPU.ActiveCfg = Release|Any CPU
		{6733385D-E8CC-BFDE-7A81-9EF81E4677D3}.Release|Any CPU.Build.0 = Release|Any CPU
		{EE5C8C8C-A4E5-5699-D89E-06E1F328AEE6}.Debug|Any CPU.ActiveCfg = Debug|Any CPU
		{EE5C8C8C-A4E5-5699-D89E-06E1F328AEE6}.Debug|Any CPU.Build.0 = Debug|Any CPU
		{EE5C8C8C-A4E5-5699-D89E-06E1F328AEE6}.Release|Any CPU.ActiveCfg = Release|Any CPU
		{EE5C8C8C-A4E5-5699-D89E-06E1F328AEE6}.Release|Any CPU.Build.0 = Release|Any CPU
		{89A15BFD-BE66-D760-A0B9-F6AAE1AA8AD2}.Debug|Any CPU.ActiveCfg = Debug|Any CPU
		{89A15BFD-BE66-D760-A0B9-F6AAE1AA8AD2}.Debug|Any CPU.Build.0 = Debug|Any CPU
		{89A15BFD-BE66-D760-A0B9-F6AAE1AA8AD2}.Release|Any CPU.ActiveCfg = Release|Any CPU
		{89A15BFD-BE66-D760-A0B9-F6AAE1AA8AD2}.Release|Any CPU.Build.0 = Release|Any CPU
		{E9DCC189-91DB-CFA9-01E0-BCBECAADE8A6}.Debug|Any CPU.ActiveCfg = Debug|Any CPU
		{E9DCC189-91DB-CFA9-01E0-BCBECAADE8A6}.Debug|Any CPU.Build.0 = Debug|Any CPU
		{E9DCC189-91DB-CFA9-01E0-BCBECAADE8A6}.Release|Any CPU.ActiveCfg = Release|Any CPU
		{E9DCC189-91DB-CFA9-01E0-BCBECAADE8A6}.Release|Any CPU.Build.0 = Release|Any CPU
	EndGlobalSection
	GlobalSection(SolutionProperties) = preSolution
		HideSolutionNode = FALSE
	EndGlobalSection
	GlobalSection(MonoDevelopProperties) = preSolution
		StartupItem = Assembly-CSharp.csproj
	EndGlobalSection
EndGlobal
